PODS:
  - app_links (6.4.1):
    - FlutterMacOS
  - audioplayers_darwin (0.0.1):
    - Flutter
    - FlutterMacOS
  - connectivity_plus (0.0.1):
    - FlutterMacOS
  - device_info_plus (0.0.1):
    - FlutterMacOS
  - file_selector_macos (0.0.1):
    - FlutterMacOS
  - flutter_local_notifications (0.0.1):
    - FlutterMacOS
  - flutter_tts (0.0.1):
    - FlutterMacOS
  - FlutterMacOS (1.0.0)
  - purchases_flutter (8.11.0):
    - FlutterMacOS
    - PurchasesHybridCommon (= 14.3.0)
  - PurchasesHybridCommon (14.3.0):
    - RevenueCat (= 5.32.0)
  - RevenueCat (5.32.0)
  - share_plus (0.0.1):
    - FlutterMacOS
  - shared_preferences_foundation (0.0.1):
    - Flutter
    - FlutterMacOS
  - url_launcher_macos (0.0.1):
    - FlutterMacOS

DEPENDENCIES:
  - app_links (from `Flutter/ephemeral/.symlinks/plugins/app_links/macos`)
  - audioplayers_darwin (from `Flutter/ephemeral/.symlinks/plugins/audioplayers_darwin/darwin`)
  - connectivity_plus (from `Flutter/ephemeral/.symlinks/plugins/connectivity_plus/macos`)
  - device_info_plus (from `Flutter/ephemeral/.symlinks/plugins/device_info_plus/macos`)
  - file_selector_macos (from `Flutter/ephemeral/.symlinks/plugins/file_selector_macos/macos`)
  - flutter_local_notifications (from `Flutter/ephemeral/.symlinks/plugins/flutter_local_notifications/macos`)
  - flutter_tts (from `Flutter/ephemeral/.symlinks/plugins/flutter_tts/macos`)
  - FlutterMacOS (from `Flutter/ephemeral`)
  - purchases_flutter (from `Flutter/ephemeral/.symlinks/plugins/purchases_flutter/macos`)
  - share_plus (from `Flutter/ephemeral/.symlinks/plugins/share_plus/macos`)
  - shared_preferences_foundation (from `Flutter/ephemeral/.symlinks/plugins/shared_preferences_foundation/darwin`)
  - url_launcher_macos (from `Flutter/ephemeral/.symlinks/plugins/url_launcher_macos/macos`)

SPEC REPOS:
  trunk:
    - PurchasesHybridCommon
    - RevenueCat

EXTERNAL SOURCES:
  app_links:
    :path: Flutter/ephemeral/.symlinks/plugins/app_links/macos
  audioplayers_darwin:
    :path: Flutter/ephemeral/.symlinks/plugins/audioplayers_darwin/darwin
  connectivity_plus:
    :path: Flutter/ephemeral/.symlinks/plugins/connectivity_plus/macos
  device_info_plus:
    :path: Flutter/ephemeral/.symlinks/plugins/device_info_plus/macos
  file_selector_macos:
    :path: Flutter/ephemeral/.symlinks/plugins/file_selector_macos/macos
  flutter_local_notifications:
    :path: Flutter/ephemeral/.symlinks/plugins/flutter_local_notifications/macos
  flutter_tts:
    :path: Flutter/ephemeral/.symlinks/plugins/flutter_tts/macos
  FlutterMacOS:
    :path: Flutter/ephemeral
  purchases_flutter:
    :path: Flutter/ephemeral/.symlinks/plugins/purchases_flutter/macos
  share_plus:
    :path: Flutter/ephemeral/.symlinks/plugins/share_plus/macos
  shared_preferences_foundation:
    :path: Flutter/ephemeral/.symlinks/plugins/shared_preferences_foundation/darwin
  url_launcher_macos:
    :path: Flutter/ephemeral/.symlinks/plugins/url_launcher_macos/macos

SPEC CHECKSUMS:
  app_links: 05a6ec2341985eb05e9f97dc63f5837c39895c3f
  audioplayers_darwin: 835ced6edd4c9fc8ebb0a7cc9e294a91d99917d5
  connectivity_plus: 4adf20a405e25b42b9c9f87feff8f4b6fde18a4e
  device_info_plus: 4fb280989f669696856f8b129e4a5e3cd6c48f76
  file_selector_macos: 9e9e068e90ebee155097d00e89ae91edb2374db7
  flutter_local_notifications: 7e5a17a1dbc00d83dc10d43c2c4c05f2ceed233c
  flutter_tts: ae915565cc6948444b513acc8ee021993281e027
  FlutterMacOS: d0db08ddef1a9af05a5ec4b724367152bb0500b1
  purchases_flutter: 7835f4491185946188319847e425ef71ac492971
  PurchasesHybridCommon: 7f0944cc5411bdcd1ea5d69affa6a6f9aaf87b13
  RevenueCat: 7e1d0768fb287c9983173c9b28e39ccbeeb828a9
  share_plus: 3c787998077d6b31e839225a282e9e27edf99274
  shared_preferences_foundation: 7036424c3d8ec98dfe75ff1667cb0cd531ec82bb
  url_launcher_macos: f87a979182d112f911de6820aefddaf56ee9fbfd

PODFILE CHECKSUM: 54d867c82ac51cbd61b565781b9fada492027009

COCOAPODS: 1.16.2
